
Microsoft Visual Studio Solution File, Format Version 12.00
# Visual Studio 14
VisualStudioVersion = 14.0.25420.1
MinimumVisualStudioVersion = 10.0.40219.1
Project("{FAE04EC0-301F-11D3-BF4B-00C04F79EFBC}") = "WpfMvc", "..\..\Source\WpfMvc\WpfMvc.csproj", "{711952B7-2B12-44F2-936A-BB7679E4EE72}"
EndProject
Project("{FAE04EC0-301F-11D3-BF4B-00C04F79EFBC}") = "SimpleTodo", "SimpleTodo\SimpleTodo.csproj", "{23C7A80E-B3BD-4510-9D44-EBFFA7211F21}"
EndProject
Project("{FAE04EC0-301F-11D3-BF4B-00C04F79EFBC}") = "SimpleTodo.Test", "SimpleTodo.Test\SimpleTodo.Test.csproj", "{FD2C55AF-E663-49B4-98CE-4542D05CCF4C}"
EndProject
Global
	GlobalSection(SolutionConfigurationPlatforms) = preSolution
		Debug|Any CPU = Debug|Any CPU
		Release|Any CPU = Release|Any CPU
	EndGlobalSection
	GlobalSection(ProjectConfigurationPlatforms) = postSolution
		{711952B7-2B12-44F2-936A-BB7679E4EE72}.Debug|Any CPU.ActiveCfg = Debug|Any CPU
		{711952B7-2B12-44F2-936A-BB7679E4EE72}.Debug|Any CPU.Build.0 = Debug|Any CPU
		{711952B7-2B12-44F2-936A-BB7679E4EE72}.Release|Any CPU.ActiveCfg = Release|Any CPU
		{711952B7-2B12-44F2-936A-BB7679E4EE72}.Release|Any CPU.Build.0 = Release|Any CPU
		{23C7A80E-B3BD-4510-9D44-EBFFA7211F21}.Debug|Any CPU.ActiveCfg = Debug|Any CPU
		{23C7A80E-B3BD-4510-9D44-EBFFA7211F21}.Debug|Any CPU.Build.0 = Debug|Any CPU
		{23C7A80E-B3BD-4510-9D44-EBFFA7211F21}.Release|Any CPU.ActiveCfg = Release|Any CPU
		{23C7A80E-B3BD-4510-9D44-EBFFA7211F21}.Release|Any CPU.Build.0 = Release|Any CPU
		{FD2C55AF-E663-49B4-98CE-4542D05CCF4C}.Debug|Any CPU.ActiveCfg = Debug|Any CPU
		{FD2C55AF-E663-49B4-98CE-4542D05CCF4C}.Debug|Any CPU.Build.0 = Debug|Any CPU
		{FD2C55AF-E663-49B4-98CE-4542D05CCF4C}.Release|Any CPU.ActiveCfg = Release|Any CPU
		{FD2C55AF-E663-49B4-98CE-4542D05CCF4C}.Release|Any CPU.Build.0 = Release|Any CPU
	EndGlobalSection
	GlobalSection(SolutionProperties) = preSolution
		HideSolutionNode = FALSE
	EndGlobalSection
EndGlobal
